// !$*UTF8*$!
{
	archiveVersion = 1;
	classes = {
	};
	objectVersion = 50;
	objects = {

/* Begin PBXBuildFile section */
		1202F66B225A323E00FA9666 /* NewStudentController.swift in Sources */ = {isa = PBXBuildFile; fileRef = 1202F66A225A323D00FA9666 /* NewStudentController.swift */; };
		120C3B91226E11300090C405 /* ScreenListChatTableViewCell.swift in Sources */ = {isa = PBXBuildFile; fileRef = 120C3B90226E11300090C405 /* ScreenListChatTableViewCell.swift */; };
		120D3FC4226B2A6A00F25B53 /* ListFriendController.swift in Sources */ = {isa = PBXBuildFile; fileRef = 120D3FC3226B2A6900F25B53 /* ListFriendController.swift */; };
		120D3FC6226B33BF00F25B53 /* ScreenListFriendTableViewCell.swift in Sources */ = {isa = PBXBuildFile; fileRef = 120D3FC5226B33BF00F25B53 /* ScreenListFriendTableViewCell.swift */; };
		120D3FCA226B7EF600F25B53 /* ChatViewController.swift in Sources */ = {isa = PBXBuildFile; fileRef = 120D3FC9226B7EF600F25B53 /* ChatViewController.swift */; };
		12106653226CBAA200236A6A /* ScreenChat1TableViewCell.swift in Sources */ = {isa = PBXBuildFile; fileRef = 12106652226CBAA100236A6A /* ScreenChat1TableViewCell.swift */; };
		12106655226CBAC100236A6A /* ScreenChat2TableViewCell.swift in Sources */ = {isa = PBXBuildFile; fileRef = 12106654226CBAC100236A6A /* ScreenChat2TableViewCell.swift */; };
		121216D822634E5C00DE3A47 /* ListChatController.swift in Sources */ = {isa = PBXBuildFile; fileRef = 121216D722634E5C00DE3A47 /* ListChatController.swift */; };
		121216DA22635B2A00DE3A47 /* User.swift in Sources */ = {isa = PBXBuildFile; fileRef = 121216D922635B2A00DE3A47 /* User.swift */; };
		12DB3DED2247D1E2005F96DD /* AppDelegate.swift in Sources */ = {isa = PBXBuildFile; fileRef = 12DB3DEC2247D1E2005F96DD /* AppDelegate.swift */; };
		12DB3DEF2247D1E2005F96DD /* ViewController.swift in Sources */ = {isa = PBXBuildFile; fileRef = 12DB3DEE2247D1E2005F96DD /* ViewController.swift */; };
		12DB3DF22247D1E2005F96DD /* Main.storyboard in Resources */ = {isa = PBXBuildFile; fileRef = 12DB3DF02247D1E2005F96DD /* Main.storyboard */; };
		12DB3DF42247D1F2005F96DD /* Assets.xcassets in Resources */ = {isa = PBXBuildFile; fileRef = 12DB3DF32247D1F2005F96DD /* Assets.xcassets */; };
		12DB3DF72247D1F2005F96DD /* LaunchScreen.storyboard in Resources */ = {isa = PBXBuildFile; fileRef = 12DB3DF52247D1F2005F96DD /* LaunchScreen.storyboard */; };
		12DB3DFF2247D2C6005F96DD /* GoogleService-Info.plist in Resources */ = {isa = PBXBuildFile; fileRef = 12DB3DFE2247D2C6005F96DD /* GoogleService-Info.plist */; };
		E1686EB935A6867DFE5F4C15 /* Pods_StarKids1.framework in Frameworks */ = {isa = PBXBuildFile; fileRef = C5D9429C9B3F7BB7BCCC0E97 /* Pods_StarKids1.framework */; };
/* End PBXBuildFile section */

/* Begin PBXFileReference section */
		1202F66A225A323D00FA9666 /* NewStudentController.swift */ = {isa = PBXFileReference; lastKnownFileType = sourcecode.swift; path = NewStudentController.swift; sourceTree = "<group>"; };
		120C3B90226E11300090C405 /* ScreenListChatTableViewCell.swift */ = {isa = PBXFileReference; lastKnownFileType = sourcecode.swift; path = ScreenListChatTableViewCell.swift; sourceTree = "<group>"; };
		120D3FC3226B2A6900F25B53 /* ListFriendController.swift */ = {isa = PBXFileReference; lastKnownFileType = sourcecode.swift; path = ListFriendController.swift; sourceTree = "<group>"; };
		120D3FC5226B33BF00F25B53 /* ScreenListFriendTableViewCell.swift */ = {isa = PBXFileReference; lastKnownFileType = sourcecode.swift; path = ScreenListFriendTableViewCell.swift; sourceTree = "<group>"; };
		120D3FC9226B7EF600F25B53 /* ChatViewController.swift */ = {isa = PBXFileReference; lastKnownFileType = sourcecode.swift; path = ChatViewController.swift; sourceTree = "<group>"; };
		12106652226CBAA100236A6A /* ScreenChat1TableViewCell.swift */ = {isa = PBXFileReference; lastKnownFileType = sourcecode.swift; path = ScreenChat1TableViewCell.swift; sourceTree = "<group>"; };
		12106654226CBAC100236A6A /* ScreenChat2TableViewCell.swift */ = {isa = PBXFileReference; lastKnownFileType = sourcecode.swift; path = ScreenChat2TableViewCell.swift; sourceTree = "<group>"; };
		121216D722634E5C00DE3A47 /* ListChatController.swift */ = {isa = PBXFileReference; lastKnownFileType = sourcecode.swift; path = ListChatController.swift; sourceTree = "<group>"; };
		121216D922635B2A00DE3A47 /* User.swift */ = {isa = PBXFileReference; lastKnownFileType = sourcecode.swift; path = User.swift; sourceTree = "<group>"; };
		12DB3DE92247D1E2005F96DD /* StarKids1.app */ = {isa = PBXFileReference; explicitFileType = wrapper.application; includeInIndex = 0; path = StarKids1.app; sourceTree = BUILT_PRODUCTS_DIR; };
		12DB3DEC2247D1E2005F96DD /* AppDelegate.swift */ = {isa = PBXFileReference; lastKnownFileType = sourcecode.swift; path = AppDelegate.swift; sourceTree = "<group>"; };
		12DB3DEE2247D1E2005F96DD /* ViewController.swift */ = {isa = PBXFileReference; lastKnownFileType = sourcecode.swift; path = ViewController.swift; sourceTree = "<group>"; };
		12DB3DF12247D1E2005F96DD /* Base */ = {isa = PBXFileReference; lastKnownFileType = file.storyboard; name = Base; path = Base.lproj/Main.storyboard; sourceTree = "<group>"; };
		12DB3DF32247D1F2005F96DD /* Assets.xcassets */ = {isa = PBXFileReference; lastKnownFileType = folder.assetcatalog; path = Assets.xcassets; sourceTree = "<group>"; };
		12DB3DF62247D1F2005F96DD /* Base */ = {isa = PBXFileReference; lastKnownFileType = file.storyboard; name = Base; path = Base.lproj/LaunchScreen.storyboard; sourceTree = "<group>"; };
		12DB3DF82247D1F2005F96DD /* Info.plist */ = {isa = PBXFileReference; lastKnownFileType = text.plist.xml; path = Info.plist; sourceTree = "<group>"; };
		12DB3DFE2247D2C6005F96DD /* GoogleService-Info.plist */ = {isa = PBXFileReference; fileEncoding = 4; lastKnownFileType = text.plist.xml; path = "GoogleService-Info.plist"; sourceTree = "<group>"; };
		360DC72F9F392663DCDC82D8 /* Pods-StarKids1.release.xcconfig */ = {isa = PBXFileReference; includeInIndex = 1; lastKnownFileType = text.xcconfig; name = "Pods-StarKids1.release.xcconfig"; path = "Target Support Files/Pods-StarKids1/Pods-StarKids1.release.xcconfig"; sourceTree = "<group>"; };
		99F6A324D014F43A41E40D88 /* Pods-StarKids1.debug.xcconfig */ = {isa = PBXFileReference; includeInIndex = 1; lastKnownFileType = text.xcconfig; name = "Pods-StarKids1.debug.xcconfig"; path = "Target Support Files/Pods-StarKids1/Pods-StarKids1.debug.xcconfig"; sourceTree = "<group>"; };
		C5D9429C9B3F7BB7BCCC0E97 /* Pods_StarKids1.framework */ = {isa = PBXFileReference; explicitFileType = wrapper.framework; includeInIndex = 0; path = Pods_StarKids1.framework; sourceTree = BUILT_PRODUCTS_DIR; };
/* End PBXFileReference section */

/* Begin PBXFrameworksBuildPhase section */
		12DB3DE62247D1E2005F96DD /* Frameworks */ = {
			isa = PBXFrameworksBuildPhase;
			buildActionMask = 2147483647;
			files = (
				E1686EB935A6867DFE5F4C15 /* Pods_StarKids1.framework in Frameworks */,
			);
			runOnlyForDeploymentPostprocessing = 0;
		};
/* End PBXFrameworksBuildPhase section */

/* Begin PBXGroup section */
		1202F667225A2FD500FA9666 /* View */ = {
			isa = PBXGroup;
			children = (
				12DB3DF02247D1E2005F96DD /* Main.storyboard */,
				120D3FC5226B33BF00F25B53 /* ScreenListFriendTableViewCell.swift */,
				12106652226CBAA100236A6A /* ScreenChat1TableViewCell.swift */,
				12106654226CBAC100236A6A /* ScreenChat2TableViewCell.swift */,
				120C3B90226E11300090C405 /* ScreenListChatTableViewCell.swift */,
			);
			path = View;
			sourceTree = "<group>";
		};
		1202F668225A2FDE00FA9666 /* Controller */ = {
			isa = PBXGroup;
			children = (
				12DB3DEE2247D1E2005F96DD /* ViewController.swift */,
				1202F66A225A323D00FA9666 /* NewStudentController.swift */,
				121216D722634E5C00DE3A47 /* ListChatController.swift */,
				120D3FC3226B2A6900F25B53 /* ListFriendController.swift */,
				120D3FC9226B7EF600F25B53 /* ChatViewController.swift */,
			);
			path = Controller;
			sourceTree = "<group>";
		};
		1202F669225A2FF100FA9666 /* Model */ = {
			isa = PBXGroup;
			children = (
				121216D922635B2A00DE3A47 /* User.swift */,
			);
			path = Model;
			sourceTree = "<group>";
		};
		12DB3DE02247D1E2005F96DD = {
			isa = PBXGroup;
			children = (
				12DB3DEB2247D1E2005F96DD /* StarKids1 */,
				12DB3DEA2247D1E2005F96DD /* Products */,
				5681D74E4A50803CDC499E8F /* Pods */,
				A7431F2CF73D5BE03F03B8C7 /* Frameworks */,
			);
			sourceTree = "<group>";
		};
		12DB3DEA2247D1E2005F96DD /* Products */ = {
			isa = PBXGroup;
			children = (
				12DB3DE92247D1E2005F96DD /* StarKids1.app */,
			);
			name = Products;
			sourceTree = "<group>";
		};
		12DB3DEB2247D1E2005F96DD /* StarKids1 */ = {
			isa = PBXGroup;
			children = (
				1202F669225A2FF100FA9666 /* Model */,
				1202F668225A2FDE00FA9666 /* Controller */,
				1202F667225A2FD500FA9666 /* View */,
				12DB3DFE2247D2C6005F96DD /* GoogleService-Info.plist */,
				12DB3DEC2247D1E2005F96DD /* AppDelegate.swift */,
				12DB3DF32247D1F2005F96DD /* Assets.xcassets */,
				12DB3DF52247D1F2005F96DD /* LaunchScreen.storyboard */,
				12DB3DF82247D1F2005F96DD /* Info.plist */,
			);
			path = StarKids1;
			sourceTree = "<group>";
		};
		5681D74E4A50803CDC499E8F /* Pods */ = {
			isa = PBXGroup;
			children = (
				99F6A324D014F43A41E40D88 /* Pods-StarKids1.debug.xcconfig */,
				360DC72F9F392663DCDC82D8 /* Pods-StarKids1.release.xcconfig */,
			);
			path = Pods;
			sourceTree = "<group>";
		};
		A7431F2CF73D5BE03F03B8C7 /* Frameworks */ = {
			isa = PBXGroup;
			children = (
				C5D9429C9B3F7BB7BCCC0E97 /* Pods_StarKids1.framework */,
			);
			name = Frameworks;
			sourceTree = "<group>";
		};
/* End PBXGroup section */

/* Begin PBXNativeTarget section */
		12DB3DE82247D1E2005F96DD /* StarKids1 */ = {
			isa = PBXNativeTarget;
			buildConfigurationList = 12DB3DFB2247D1F2005F96DD /* Build configuration list for PBXNativeTarget "StarKids1" */;
			buildPhases = (
				1B4A7F98EC0B73B38A74A9F4 /* [CP] Check Pods Manifest.lock */,
				12DB3DE52247D1E2005F96DD /* Sources */,
				12DB3DE62247D1E2005F96DD /* Frameworks */,
				12DB3DE72247D1E2005F96DD /* Resources */,
				18C7A2C225DA63D2B77789DC /* [CP] Embed Pods Frameworks */,
			);
			buildRules = (
			);
			dependencies = (
			);
			name = StarKids1;
			productName = StarKids1;
			productReference = 12DB3DE92247D1E2005F96DD /* StarKids1.app */;
			productType = "com.apple.product-type.application";
		};
/* End PBXNativeTarget section */

/* Begin PBXProject section */
		12DB3DE12247D1E2005F96DD /* Project object */ = {
			isa = PBXProject;
			attributes = {
				LastSwiftUpdateCheck = 1010;
				LastUpgradeCheck = 1010;
				ORGANIZATIONNAME = "Thanh Le";
				TargetAttributes = {
					12DB3DE82247D1E2005F96DD = {
						CreatedOnToolsVersion = 10.1;
					};
				};
			};
			buildConfigurationList = 12DB3DE42247D1E2005F96DD /* Build configuration list for PBXProject "StarKids1" */;
			compatibilityVersion = "Xcode 9.3";
			developmentRegion = en;
			hasScannedForEncodings = 0;
			knownRegions = (
				en,
				Base,
			);
			mainGroup = 12DB3DE02247D1E2005F96DD;
			productRefGroup = 12DB3DEA2247D1E2005F96DD /* Products */;
			projectDirPath = "";
			projectRoot = "";
			targets = (
				12DB3DE82247D1E2005F96DD /* StarKids1 */,
			);
		};
/* End PBXProject section */

/* Begin PBXResourcesBuildPhase section */
		12DB3DE72247D1E2005F96DD /* Resources */ = {
			isa = PBXResourcesBuildPhase;
			buildActionMask = 2147483647;
			files = (
				12DB3DF72247D1F2005F96DD /* LaunchScreen.storyboard in Resources */,
				12DB3DFF2247D2C6005F96DD /* GoogleService-Info.plist in Resources */,
				12DB3DF42247D1F2005F96DD /* Assets.xcassets in Resources */,
				12DB3DF22247D1E2005F96DD /* Main.storyboard in Resources */,
			);
			runOnlyForDeploymentPostprocessing = 0;
		};
/* End PBXResourcesBuildPhase section */

/* Begin PBXShellScriptBuildPhase section */
		18C7A2C225DA63D2B77789DC /* [CP] Embed Pods Frameworks */ = {
			isa = PBXShellScriptBuildPhase;
			buildActionMask = 2147483647;
			files = (
			);
			inputFileListPaths = (
			);
			inputPaths = (
				"${PODS_ROOT}/Target Support Files/Pods-StarKids1/Pods-StarKids1-frameworks.sh",
				"${BUILT_PRODUCTS_DIR}/BoringSSL-GRPC/openssl_grpc.framework",
				"${BUILT_PRODUCTS_DIR}/GTMSessionFetcher/GTMSessionFetcher.framework",
				"${BUILT_PRODUCTS_DIR}/GoogleUtilities/GoogleUtilities.framework",
				"${BUILT_PRODUCTS_DIR}/Protobuf/Protobuf.framework",
				"${BUILT_PRODUCTS_DIR}/gRPC-C++/grpcpp.framework",
				"${BUILT_PRODUCTS_DIR}/gRPC-Core/grpc.framework",
				"${BUILT_PRODUCTS_DIR}/leveldb-library/leveldb.framework",
				"${BUILT_PRODUCTS_DIR}/nanopb/nanopb.framework",
			);
			name = "[CP] Embed Pods Frameworks";
			outputFileListPaths = (
			);
			outputPaths = (
				"${TARGET_BUILD_DIR}/${FRAMEWORKS_FOLDER_PATH}/openssl_grpc.framework",
				"${TARGET_BUILD_DIR}/${FRAMEWORKS_FOLDER_PATH}/GTMSessionFetcher.framework",
				"${TARGET_BUILD_DIR}/${FRAMEWORKS_FOLDER_PATH}/GoogleUtilities.framework",
				"${TARGET_BUILD_DIR}/${FRAMEWORKS_FOLDER_PATH}/Protobuf.framework",
				"${TARGET_BUILD_DIR}/${FRAMEWORKS_FOLDER_PATH}/grpcpp.framework",
				"${TARGET_BUILD_DIR}/${FRAMEWORKS_FOLDER_PATH}/grpc.framework",
				"${TARGET_BUILD_DIR}/${FRAMEWORKS_FOLDER_PATH}/leveldb.framework",
				"${TARGET_BUILD_DIR}/${FRAMEWORKS_FOLDER_PATH}/nanopb.framework",
			);
			runOnlyForDeploymentPostprocessing = 0;
			shellPath = /bin/sh;
			shellScript = "\"${PODS_ROOT}/Target Support Files/Pods-StarKids1/Pods-StarKids1-frameworks.sh\"\n";
			showEnvVarsInLog = 0;
		};
		1B4A7F98EC0B73B38A74A9F4 /* [CP] Check Pods Manifest.lock */ = {
			isa = PBXShellScriptBuildPhase;
			buildActionMask = 2147483647;
			files = (
			);
			inputFileListPaths = (
			);
			inputPaths = (
				"${PODS_PODFILE_DIR_PATH}/Podfile.lock",
				"${PODS_ROOT}/Manifest.lock",
			);
			name = "[CP] Check Pods Manifest.lock";
			outputFileListPaths = (
			);
			outputPaths = (
				"$(DERIVED_FILE_DIR)/Pods-StarKids1-checkManifestLockResult.txt",
			);
			runOnlyForDeploymentPostprocessing = 0;
			shellPath = /bin/sh;
			shellScript = "diff \"${PODS_PODFILE_DIR_PATH}/Podfile.lock\" \"${PODS_ROOT}/Manifest.lock\" > /dev/null\nif [ $? != 0 ] ; then\n    # print error to STDERR\n    echo \"error: The sandbox is not in sync with the Podfile.lock. Run 'pod install' or update your CocoaPods installation.\" >&2\n    exit 1\nfi\n# This output is used by Xcode 'outputs' to avoid re-running this script phase.\necho \"SUCCESS\" > \"${SCRIPT_OUTPUT_FILE_0}\"\n";
			showEnvVarsInLog = 0;
		};
/* End PBXShellScriptBuildPhase section */

/* Begin PBXSourcesBuildPhase section */
		12DB3DE52247D1E2005F96DD /* Sources */ = {
			isa = PBXSourcesBuildPhase;
			buildActionMask = 2147483647;
			files = (
				1202F66B225A323E00FA9666 /* NewStudentController.swift in Sources */,
				120D3FC4226B2A6A00F25B53 /* ListFriendController.swift in Sources */,
				120D3FCA226B7EF600F25B53 /* ChatViewController.swift in Sources */,
				120C3B91226E11300090C405 /* ScreenListChatTableViewCell.swift in Sources */,
				12DB3DEF2247D1E2005F96DD /* ViewController.swift in Sources */,
				120D3FC6226B33BF00F25B53 /* ScreenListFriendTableViewCell.swift in Sources */,
				12106653226CBAA200236A6A /* ScreenChat1TableViewCell.swift in Sources */,
				12106655226CBAC100236A6A /* ScreenChat2TableViewCell.swift in Sources */,
				12DB3DED2247D1E2005F96DD /* AppDelegate.swift in Sources */,
				121216DA22635B2A00DE3A47 /* User.swift in Sources */,
				121216D822634E5C00DE3A47 /* ListChatController.swift in Sources */,
			);
			runOnlyForDeploymentPostprocessing = 0;
		};
/* End PBXSourcesBuildPhase section */

/* Begin PBXVariantGroup section */
		12DB3DF02247D1E2005F96DD /* Main.storyboard */ = {
			isa = PBXVariantGroup;
			children = (
				12DB3DF12247D1E2005F96DD /* Base */,
			);
			name = Main.storyboard;
			sourceTree = "<group>";
		};
		12DB3DF52247D1F2005F96DD /* LaunchScreen.storyboard */ = {
			isa = PBXVariantGroup;
			children = (
				12DB3DF62247D1F2005F96DD /* Base */,
			);
			name = LaunchScreen.storyboard;
			sourceTree = "<group>";
		};
/* End PBXVariantGroup section */

/* Begin XCBuildConfiguration section */
		12DB3DF92247D1F2005F96DD /* Debug */ = {
			isa = XCBuildConfiguration;
			buildSettings = {
				ALWAYS_SEARCH_USER_PATHS = NO;
				CLANG_ANALYZER_NONNULL = YES;
				CLANG_ANALYZER_NUMBER_OBJECT_CONVERSION = YES_AGGRESSIVE;
				CLANG_CXX_LANGUAGE_STANDARD = "gnu++14";
				CLANG_CXX_LIBRARY = "libc++";
				CLANG_ENABLE_MODULES = YES;
				CLANG_ENABLE_OBJC_ARC = YES;
				CLANG_ENABLE_OBJC_WEAK = YES;
				CLANG_WARN_BLOCK_CAPTURE_AUTORELEASING = YES;
				CLANG_WARN_BOOL_CONVERSION = YES;
				CLANG_WARN_COMMA = YES;
				CLANG_WARN_CONSTANT_CONVERSION = YES;
				CLANG_WARN_DEPRECATED_OBJC_IMPLEMENTATIONS = YES;
				CLANG_WARN_DIRECT_OBJC_ISA_USAGE = YES_ERROR;
				CLANG_WARN_DOCUMENTATION_COMMENTS = YES;
				CLANG_WARN_EMPTY_BODY = YES;
				CLANG_WARN_ENUM_CONVERSION = YES;
				CLANG_WARN_INFINITE_RECURSION = YES;
				CLANG_WARN_INT_CONVERSION = YES;
				CLANG_WARN_NON_LITERAL_NULL_CONVERSION = YES;
				CLANG_WARN_OBJC_IMPLICIT_RETAIN_SELF = YES;
				CLANG_WARN_OBJC_LITERAL_CONVERSION = YES;
				CLANG_WARN_OBJC_ROOT_CLASS = YES_ERROR;
				CLANG_WARN_RANGE_LOOP_ANALYSIS = YES;
				CLANG_WARN_STRICT_PROTOTYPES = YES;
				CLANG_WARN_SUSPICIOUS_MOVE = YES;
				CLANG_WARN_UNGUARDED_AVAILABILITY = YES_AGGRESSIVE;
				CLANG_WARN_UNREACHABLE_CODE = YES;
				CLANG_WARN__DUPLICATE_METHOD_MATCH = YES;
				CODE_SIGN_IDENTITY = "iPhone Developer";
				COPY_PHASE_STRIP = NO;
				DEBUG_INFORMATION_FORMAT = dwarf;
				ENABLE_STRICT_OBJC_MSGSEND = YES;
				ENABLE_TESTABILITY = YES;
				GCC_C_LANGUAGE_STANDARD = gnu11;
				GCC_DYNAMIC_NO_PIC = NO;
				GCC_NO_COMMON_BLOCKS = YES;
				GCC_OPTIMIZATION_LEVEL = 0;
				GCC_PREPROCESSOR_DEFINITIONS = (
					"DEBUG=1",
					"$(inherited)",
				);
				GCC_WARN_64_TO_32_BIT_CONVERSION = YES;
				GCC_WARN_ABOUT_RETURN_TYPE = YES_ERROR;
				GCC_WARN_UNDECLARED_SELECTOR = YES;
				GCC_WARN_UNINITIALIZED_AUTOS = YES_AGGRESSIVE;
				GCC_WARN_UNUSED_FUNCTION = YES;
				GCC_WARN_UNUSED_VARIABLE = YES;
				IPHONEOS_DEPLOYMENT_TARGET = 12.1;
				MTL_ENABLE_DEBUG_INFO = INCLUDE_SOURCE;
				MTL_FAST_MATH = YES;
				ONLY_ACTIVE_ARCH = YES;
				SDKROOT = iphoneos;
				SWIFT_ACTIVE_COMPILATION_CONDITIONS = DEBUG;
				SWIFT_OPTIMIZATION_LEVEL = "-Onone";
			};
			name = Debug;
		};
		12DB3DFA2247D1F2005F96DD /* Release */ = {
			isa = XCBuildConfiguration;
			buildSettings = {
				ALWAYS_SEARCH_USER_PATHS = NO;
				CLANG_ANALYZER_NONNULL = YES;
				CLANG_ANALYZER_NUMBER_OBJECT_CONVERSION = YES_AGGRESSIVE;
				CLANG_CXX_LANGUAGE_STANDARD = "gnu++14";
				CLANG_CXX_LIBRARY = "libc++";
				CLANG_ENABLE_MODULES = YES;
				CLANG_ENABLE_OBJC_ARC = YES;
				CLANG_ENABLE_OBJC_WEAK = YES;
				CLANG_WARN_BLOCK_CAPTURE_AUTORELEASING = YES;
				CLANG_WARN_BOOL_CONVERSION = YES;
				CLANG_WARN_COMMA = YES;
				CLANG_WARN_CONSTANT_CONVERSION = YES;
				CLANG_WARN_DEPRECATED_OBJC_IMPLEMENTATIONS = YES;
				CLANG_WARN_DIRECT_OBJC_ISA_USAGE = YES_ERROR;
				CLANG_WARN_DOCUMENTATION_COMMENTS = YES;
				CLANG_WARN_EMPTY_BODY = YES;
				CLANG_WARN_ENUM_CONVERSION = YES;
				CLANG_WARN_INFINITE_RECURSION = YES;
				CLANG_WARN_INT_CONVERSION = YES;
				CLANG_WARN_NON_LITERAL_NULL_CONVERSION = YES;
				CLANG_WARN_OBJC_IMPLICIT_RETAIN_SELF = YES;
				CLANG_WARN_OBJC_LITERAL_CONVERSION = YES;
				CLANG_WARN_OBJC_ROOT_CLASS = YES_ERROR;
				CLANG_WARN_RANGE_LOOP_ANALYSIS = YES;
				CLANG_WARN_STRICT_PROTOTYPES = YES;
				CLANG_WARN_SUSPICIOUS_MOVE = YES;
				CLANG_WARN_UNGUARDED_AVAILABILITY = YES_AGGRESSIVE;
				CLANG_WARN_UNREACHABLE_CODE = YES;
				CLANG_WARN__DUPLICATE_METHOD_MATCH = YES;
				CODE_SIGN_IDENTITY = "iPhone Developer";
				COPY_PHASE_STRIP = NO;
				DEBUG_INFORMATION_FORMAT = "dwarf-with-dsym";
				ENABLE_NS_ASSERTIONS = NO;
				ENABLE_STRICT_OBJC_MSGSEND = YES;
				GCC_C_LANGUAGE_STANDARD = gnu11;
				GCC_NO_COMMON_BLOCKS = YES;
				GCC_WARN_64_TO_32_BIT_CONVERSION = YES;
				GCC_WARN_ABOUT_RETURN_TYPE = YES_ERROR;
				GCC_WARN_UNDECLARED_SELECTOR = YES;
				GCC_WARN_UNINITIALIZED_AUTOS = YES_AGGRESSIVE;
				GCC_WARN_UNUSED_FUNCTION = YES;
				GCC_WARN_UNUSED_VARIABLE = YES;
				IPHONEOS_DEPLOYMENT_TARGET = 12.1;
				MTL_ENABLE_DEBUG_INFO = NO;
				MTL_FAST_MATH = YES;
				SDKROOT = iphoneos;
				SWIFT_COMPILATION_MODE = wholemodule;
				SWIFT_OPTIMIZATION_LEVEL = "-O";
				VALIDATE_PRODUCT = YES;
			};
			name = Release;
		};
		12DB3DFC2247D1F2005F96DD /* Debug */ = {
			isa = XCBuildConfiguration;
			baseConfigurationReference = 99F6A324D014F43A41E40D88 /* Pods-StarKids1.debug.xcconfig */;
			buildSettings = {
				ASSETCATALOG_COMPILER_APPICON_NAME = AppIcon;
				CODE_SIGN_STYLE = Automatic;
				DEVELOPMENT_TEAM = 4LV6SB7C2M;
				INFOPLIST_FILE = StarKids1/Info.plist;
				LD_RUNPATH_SEARCH_PATHS = (
					"$(inherited)",
					"@executable_path/Frameworks",
				);
				PRODUCT_BUNDLE_IDENTIFIER = "Thanh-Le.StarKids1";
				PRODUCT_NAME = "$(TARGET_NAME)";
				SWIFT_VERSION = 4.2;
				TARGETED_DEVICE_FAMILY = "1,2";
			};
			name = Debug;
		};
		12DB3DFD2247D1F2005F96DD /* Release */ = {
			isa = XCBuildConfiguration;
			baseConfigurationReference = 360DC72F9F392663DCDC82D8 /* Pods-StarKids1.release.xcconfig */;
			buildSettings = {
				ASSETCATALOG_COMPILER_APPICON_NAME = AppIcon;
				CODE_SIGN_STYLE = Automatic;
				DEVELOPMENT_TEAM = 4LV6SB7C2M;
				INFOPLIST_FILE = StarKids1/Info.plist;
				LD_RUNPATH_SEARCH_PATHS = (
					"$(inherited)",
					"@executable_path/Frameworks",
				);
				PRODUCT_BUNDLE_IDENTIFIER = "Thanh-Le.StarKids1";
				PRODUCT_NAME = "$(TARGET_NAME)";
				SWIFT_VERSION = 4.2;
				TARGETED_DEVICE_FAMILY = "1,2";
			};
			name = Release;
		};
/* End XCBuildConfiguration section */

/* Begin XCConfigurationList section */
		12DB3DE42247D1E2005F96DD /* Build configuration list for PBXProject "StarKids1" */ = {
			isa = XCConfigurationList;
			buildConfigurations = (
				12DB3DF92247D1F2005F96DD /* Debug */,
				12DB3DFA2247D1F2005F96DD /* Release */,
			);
			defaultConfigurationIsVisible = 0;
			defaultConfigurationName = Release;
		};
		12DB3DFB2247D1F2005F96DD /* Build configuration list for PBXNativeTarget "StarKids1" */ = {
			isa = XCConfigurationList;
			buildConfigurations = (
				12DB3DFC2247D1F2005F96DD /* Debug */,
				12DB3DFD2247D1F2005F96DD /* Release */,
			);
			defaultConfigurationIsVisible = 0;
			defaultConfigurationName = Release;
		};
/* End XCConfigurationList section */
	};
	rootObject = 12DB3DE12247D1E2005F96DD /* Project object */;
}
