// !$*UTF8*$!
{
	archiveVersion = 1;
	classes = {
	};
	objectVersion = 50;
	objects = {

/* Begin PBXBuildFile section */
		1202F66B225A323E00FA9666 /* NewStudentController.swift in Sources */ = {isa = PBXBuildFile; fileRef = 1202F66A225A323D00FA9666 /* NewStudentController.swift */; };
		120ABB9F22AD5FBE001B72E3 /* CreatePostController.swift in Sources */ = {isa = PBXBuildFile; fileRef = 120ABB9E22AD5FBE001B72E3 /* CreatePostController.swift */; };
		120C3B91226E11300090C405 /* ScreenListChatTableViewCell.swift in Sources */ = {isa = PBXBuildFile; fileRef = 120C3B90226E11300090C405 /* ScreenListChatTableViewCell.swift */; };
		120D3FC4226B2A6A00F25B53 /* ListFriendController.swift in Sources */ = {isa = PBXBuildFile; fileRef = 120D3FC3226B2A6900F25B53 /* ListFriendController.swift */; };
		120D3FC6226B33BF00F25B53 /* ScreenListFriendTableViewCell.swift in Sources */ = {isa = PBXBuildFile; fileRef = 120D3FC5226B33BF00F25B53 /* ScreenListFriendTableViewCell.swift */; };
		120D3FCA226B7EF600F25B53 /* ChatViewController.swift in Sources */ = {isa = PBXBuildFile; fileRef = 120D3FC9226B7EF600F25B53 /* ChatViewController.swift */; };
		120E87BA229028A200D528C7 /* Post.swift in Sources */ = {isa = PBXBuildFile; fileRef = 120E87B9229028A200D528C7 /* Post.swift */; };
		120FB685227D9BD7004E1B4E /* DetailInfoController.swift in Sources */ = {isa = PBXBuildFile; fileRef = 120FB684227D9BD7004E1B4E /* DetailInfoController.swift */; };
		12106653226CBAA200236A6A /* ScreenChat1TableViewCell.swift in Sources */ = {isa = PBXBuildFile; fileRef = 12106652226CBAA100236A6A /* ScreenChat1TableViewCell.swift */; };
		12106655226CBAC100236A6A /* ScreenChat2TableViewCell.swift in Sources */ = {isa = PBXBuildFile; fileRef = 12106654226CBAC100236A6A /* ScreenChat2TableViewCell.swift */; };
		1210AF8622B934D100F12295 /* Notice.swift in Sources */ = {isa = PBXBuildFile; fileRef = 1210AF8522B934D100F12295 /* Notice.swift */; };
		1211964E228F102300EE5453 /* ScreenPostTableViewCell.swift in Sources */ = {isa = PBXBuildFile; fileRef = 1211964D228F102300EE5453 /* ScreenPostTableViewCell.swift */; };
		121216D822634E5C00DE3A47 /* ListChatController.swift in Sources */ = {isa = PBXBuildFile; fileRef = 121216D722634E5C00DE3A47 /* ListChatController.swift */; };
		121216DA22635B2A00DE3A47 /* User.swift in Sources */ = {isa = PBXBuildFile; fileRef = 121216D922635B2A00DE3A47 /* User.swift */; };
		1213E9322270B21D000B7C1E /* ScreenMoreTableViewCell.swift in Sources */ = {isa = PBXBuildFile; fileRef = 1213E9312270B21D000B7C1E /* ScreenMoreTableViewCell.swift */; };
		121BF3E322BCBAE30029798F /* ListStudentViewController.swift in Sources */ = {isa = PBXBuildFile; fileRef = 121BF3E222BCBAE30029798F /* ListStudentViewController.swift */; };
		121BF3E522BCBE9A0029798F /* ListStudentTableViewCell.swift in Sources */ = {isa = PBXBuildFile; fileRef = 121BF3E422BCBE9A0029798F /* ListStudentTableViewCell.swift */; };
		122263EF22A6C1BA00F251FE /* DetailPicPostCollectionViewCell.swift in Sources */ = {isa = PBXBuildFile; fileRef = 122263EE22A6C1BA00F251FE /* DetailPicPostCollectionViewCell.swift */; };
		122263F122A6C2E700F251FE /* CommentViewCell.swift in Sources */ = {isa = PBXBuildFile; fileRef = 122263F022A6C2E700F251FE /* CommentViewCell.swift */; };
		1224048022BF5054003F3445 /* AddTuitionViewController.swift in Sources */ = {isa = PBXBuildFile; fileRef = 1224047F22BF5054003F3445 /* AddTuitionViewController.swift */; };
		12275E91227579BA001DBCAF /* LoadingViewController.swift in Sources */ = {isa = PBXBuildFile; fileRef = 12275E90227579BA001DBCAF /* LoadingViewController.swift */; };
		122842BF22C115B500C2A79A /* AddMenuViewController.swift in Sources */ = {isa = PBXBuildFile; fileRef = 122842BE22C115B500C2A79A /* AddMenuViewController.swift */; };
		122B807D22BB732900A06D55 /* NewTeacherController.swift in Sources */ = {isa = PBXBuildFile; fileRef = 122B807C22BB732900A06D55 /* NewTeacherController.swift */; };
		122B808122BB7F5E00A06D55 /* ClassTableViewCell.swift in Sources */ = {isa = PBXBuildFile; fileRef = 122B808022BB7F5E00A06D55 /* ClassTableViewCell.swift */; };
		122B808322BB7FA300A06D55 /* ClassController.swift in Sources */ = {isa = PBXBuildFile; fileRef = 122B808222BB7FA300A06D55 /* ClassController.swift */; };
		122B808522BB806800A06D55 /* Class.swift in Sources */ = {isa = PBXBuildFile; fileRef = 122B808422BB806800A06D55 /* Class.swift */; };
		122B808722BBD37F00A06D55 /* Student.swift in Sources */ = {isa = PBXBuildFile; fileRef = 122B808622BBD37F00A06D55 /* Student.swift */; };
		122BDEA422BFBCEC00188C2C /* ListTuitionViewController.swift in Sources */ = {isa = PBXBuildFile; fileRef = 122BDEA322BFBCEC00188C2C /* ListTuitionViewController.swift */; };
		122BDEA622BFBDAC00188C2C /* TuitionTableViewCell.swift in Sources */ = {isa = PBXBuildFile; fileRef = 122BDEA522BFBDAC00188C2C /* TuitionTableViewCell.swift */; };
		122BDEA822BFC00100188C2C /* DetailTuitionViewController.swift in Sources */ = {isa = PBXBuildFile; fileRef = 122BDEA722BFC00100188C2C /* DetailTuitionViewController.swift */; };
		122BDEAA22BFC16800188C2C /* Tuition.swift in Sources */ = {isa = PBXBuildFile; fileRef = 122BDEA922BFC16800188C2C /* Tuition.swift */; };
		12724B8022A80E07007A6A40 /* Comment.swift in Sources */ = {isa = PBXBuildFile; fileRef = 12724B7F22A80E07007A6A40 /* Comment.swift */; };
		1276D52522BF8267009F287D /* LeaveRequestTableViewCell.swift in Sources */ = {isa = PBXBuildFile; fileRef = 1276D52422BF8267009F287D /* LeaveRequestTableViewCell.swift */; };
		1276D52722BF82A8009F287D /* LeaveRequestViewController.swift in Sources */ = {isa = PBXBuildFile; fileRef = 1276D52622BF82A8009F287D /* LeaveRequestViewController.swift */; };
		1276D52922BF82BE009F287D /* LeaveRequest.swift in Sources */ = {isa = PBXBuildFile; fileRef = 1276D52822BF82BE009F287D /* LeaveRequest.swift */; };
		1276D52B22BF88E1009F287D /* DetailLeaveRequestViewController.swift in Sources */ = {isa = PBXBuildFile; fileRef = 1276D52A22BF88E1009F287D /* DetailLeaveRequestViewController.swift */; };
		127B5DC222A0290A007CC200 /* PicturePostCollectionViewCell.swift in Sources */ = {isa = PBXBuildFile; fileRef = 127B5DC122A0290A007CC200 /* PicturePostCollectionViewCell.swift */; };
		128BCDCA22B7EE0200BB6BFC /* NoticeTableViewCell.swift in Sources */ = {isa = PBXBuildFile; fileRef = 128BCDC922B7EE0200BB6BFC /* NoticeTableViewCell.swift */; };
		12A88C74226F640D002125BC /* MainNavigationController.swift in Sources */ = {isa = PBXBuildFile; fileRef = 12A88C73226F640D002125BC /* MainNavigationController.swift */; };
		12A88C76226F6834002125BC /* HomeController.swift in Sources */ = {isa = PBXBuildFile; fileRef = 12A88C75226F6834002125BC /* HomeController.swift */; };
		12A88C7A226F6866002125BC /* MoreController.swift in Sources */ = {isa = PBXBuildFile; fileRef = 12A88C79226F6866002125BC /* MoreController.swift */; };
		12A88C7C226F68FD002125BC /* NoticeController.swift in Sources */ = {isa = PBXBuildFile; fileRef = 12A88C7B226F68FD002125BC /* NoticeController.swift */; };
		12A88C7E226F69C4002125BC /* MainTabBarController.swift in Sources */ = {isa = PBXBuildFile; fileRef = 12A88C7D226F69C4002125BC /* MainTabBarController.swift */; };
		12CE38BF22C2278400C1AC43 /* MenuTableViewCell.swift in Sources */ = {isa = PBXBuildFile; fileRef = 12CE38BE22C2278400C1AC43 /* MenuTableViewCell.swift */; };
		12CE38C322C236D600C1AC43 /* DayOfWeekViewController.swift in Sources */ = {isa = PBXBuildFile; fileRef = 12CE38C222C236D600C1AC43 /* DayOfWeekViewController.swift */; };
		12CE38C522C2386D00C1AC43 /* ListMenuViewController.swift in Sources */ = {isa = PBXBuildFile; fileRef = 12CE38C422C2386D00C1AC43 /* ListMenuViewController.swift */; };
		12CE38C722C269A100C1AC43 /* DetailMenuViewController.swift in Sources */ = {isa = PBXBuildFile; fileRef = 12CE38C622C269A100C1AC43 /* DetailMenuViewController.swift */; };
		12CE38C922C26BD000C1AC43 /* Menu.swift in Sources */ = {isa = PBXBuildFile; fileRef = 12CE38C822C26BD000C1AC43 /* Menu.swift */; };
		12DB3DED2247D1E2005F96DD /* AppDelegate.swift in Sources */ = {isa = PBXBuildFile; fileRef = 12DB3DEC2247D1E2005F96DD /* AppDelegate.swift */; };
		12DB3DEF2247D1E2005F96DD /* ViewController.swift in Sources */ = {isa = PBXBuildFile; fileRef = 12DB3DEE2247D1E2005F96DD /* ViewController.swift */; };
		12DB3DF22247D1E2005F96DD /* Main.storyboard in Resources */ = {isa = PBXBuildFile; fileRef = 12DB3DF02247D1E2005F96DD /* Main.storyboard */; };
		12DB3DF42247D1F2005F96DD /* Assets.xcassets in Resources */ = {isa = PBXBuildFile; fileRef = 12DB3DF32247D1F2005F96DD /* Assets.xcassets */; };
		12DB3DF72247D1F2005F96DD /* LaunchScreen.storyboard in Resources */ = {isa = PBXBuildFile; fileRef = 12DB3DF52247D1F2005F96DD /* LaunchScreen.storyboard */; };
		12DB3DFF2247D2C6005F96DD /* GoogleService-Info.plist in Resources */ = {isa = PBXBuildFile; fileRef = 12DB3DFE2247D2C6005F96DD /* GoogleService-Info.plist */; };
		12E4EBD922BE3C4700289E92 /* AddClassViewController.swift in Sources */ = {isa = PBXBuildFile; fileRef = 12E4EBD822BE3C4700289E92 /* AddClassViewController.swift */; };
		12E4EBDB22BE3C7B00289E92 /* AddLeaveRequestViewController.swift in Sources */ = {isa = PBXBuildFile; fileRef = 12E4EBDA22BE3C7B00289E92 /* AddLeaveRequestViewController.swift */; };
		12F81D6E22A56AEA00EF636F /* DetailPostController.swift in Sources */ = {isa = PBXBuildFile; fileRef = 12F81D6D22A56AEA00EF636F /* DetailPostController.swift */; };
		E1686EB935A6867DFE5F4C15 /* Pods_StarKids1.framework in Frameworks */ = {isa = PBXBuildFile; fileRef = C5D9429C9B3F7BB7BCCC0E97 /* Pods_StarKids1.framework */; };
/* End PBXBuildFile section */

/* Begin PBXFileReference section */
		1202F66A225A323D00FA9666 /* NewStudentController.swift */ = {isa = PBXFileReference; lastKnownFileType = sourcecode.swift; path = NewStudentController.swift; sourceTree = "<group>"; };
		120ABB9E22AD5FBE001B72E3 /* CreatePostController.swift */ = {isa = PBXFileReference; lastKnownFileType = sourcecode.swift; path = CreatePostController.swift; sourceTree = "<group>"; };
		120C3B90226E11300090C405 /* ScreenListChatTableViewCell.swift */ = {isa = PBXFileReference; lastKnownFileType = sourcecode.swift; path = ScreenListChatTableViewCell.swift; sourceTree = "<group>"; };
		120D3FC3226B2A6900F25B53 /* ListFriendController.swift */ = {isa = PBXFileReference; lastKnownFileType = sourcecode.swift; path = ListFriendController.swift; sourceTree = "<group>"; };
		120D3FC5226B33BF00F25B53 /* ScreenListFriendTableViewCell.swift */ = {isa = PBXFileReference; lastKnownFileType = sourcecode.swift; path = ScreenListFriendTableViewCell.swift; sourceTree = "<group>"; };
		120D3FC9226B7EF600F25B53 /* ChatViewController.swift */ = {isa = PBXFileReference; lastKnownFileType = sourcecode.swift; path = ChatViewController.swift; sourceTree = "<group>"; };
		120E87B9229028A200D528C7 /* Post.swift */ = {isa = PBXFileReference; lastKnownFileType = sourcecode.swift; path = Post.swift; sourceTree = "<group>"; };
		120FB684227D9BD7004E1B4E /* DetailInfoController.swift */ = {isa = PBXFileReference; lastKnownFileType = sourcecode.swift; path = DetailInfoController.swift; sourceTree = "<group>"; };
		12106652226CBAA100236A6A /* ScreenChat1TableViewCell.swift */ = {isa = PBXFileReference; lastKnownFileType = sourcecode.swift; path = ScreenChat1TableViewCell.swift; sourceTree = "<group>"; };
		12106654226CBAC100236A6A /* ScreenChat2TableViewCell.swift */ = {isa = PBXFileReference; lastKnownFileType = sourcecode.swift; path = ScreenChat2TableViewCell.swift; sourceTree = "<group>"; };
		1210AF8522B934D100F12295 /* Notice.swift */ = {isa = PBXFileReference; lastKnownFileType = sourcecode.swift; path = Notice.swift; sourceTree = "<group>"; };
		1211964D228F102300EE5453 /* ScreenPostTableViewCell.swift */ = {isa = PBXFileReference; lastKnownFileType = sourcecode.swift; path = ScreenPostTableViewCell.swift; sourceTree = "<group>"; };
		121216D722634E5C00DE3A47 /* ListChatController.swift */ = {isa = PBXFileReference; lastKnownFileType = sourcecode.swift; path = ListChatController.swift; sourceTree = "<group>"; };
		121216D922635B2A00DE3A47 /* User.swift */ = {isa = PBXFileReference; lastKnownFileType = sourcecode.swift; path = User.swift; sourceTree = "<group>"; };
		1213E9312270B21D000B7C1E /* ScreenMoreTableViewCell.swift */ = {isa = PBXFileReference; lastKnownFileType = sourcecode.swift; path = ScreenMoreTableViewCell.swift; sourceTree = "<group>"; };
		121BF3E222BCBAE30029798F /* ListStudentViewController.swift */ = {isa = PBXFileReference; lastKnownFileType = sourcecode.swift; path = ListStudentViewController.swift; sourceTree = "<group>"; };
		121BF3E422BCBE9A0029798F /* ListStudentTableViewCell.swift */ = {isa = PBXFileReference; lastKnownFileType = sourcecode.swift; path = ListStudentTableViewCell.swift; sourceTree = "<group>"; };
		122263EE22A6C1BA00F251FE /* DetailPicPostCollectionViewCell.swift */ = {isa = PBXFileReference; lastKnownFileType = sourcecode.swift; path = DetailPicPostCollectionViewCell.swift; sourceTree = "<group>"; };
		122263F022A6C2E700F251FE /* CommentViewCell.swift */ = {isa = PBXFileReference; lastKnownFileType = sourcecode.swift; path = CommentViewCell.swift; sourceTree = "<group>"; };
		1224047F22BF5054003F3445 /* AddTuitionViewController.swift */ = {isa = PBXFileReference; lastKnownFileType = sourcecode.swift; path = AddTuitionViewController.swift; sourceTree = "<group>"; };
		12275E90227579BA001DBCAF /* LoadingViewController.swift */ = {isa = PBXFileReference; lastKnownFileType = sourcecode.swift; path = LoadingViewController.swift; sourceTree = "<group>"; };
		122842BE22C115B500C2A79A /* AddMenuViewController.swift */ = {isa = PBXFileReference; lastKnownFileType = sourcecode.swift; path = AddMenuViewController.swift; sourceTree = "<group>"; };
		122B807C22BB732900A06D55 /* NewTeacherController.swift */ = {isa = PBXFileReference; lastKnownFileType = sourcecode.swift; path = NewTeacherController.swift; sourceTree = "<group>"; };
		122B808022BB7F5E00A06D55 /* ClassTableViewCell.swift */ = {isa = PBXFileReference; lastKnownFileType = sourcecode.swift; path = ClassTableViewCell.swift; sourceTree = "<group>"; };
		122B808222BB7FA300A06D55 /* ClassController.swift */ = {isa = PBXFileReference; lastKnownFileType = sourcecode.swift; path = ClassController.swift; sourceTree = "<group>"; };
		122B808422BB806800A06D55 /* Class.swift */ = {isa = PBXFileReference; lastKnownFileType = sourcecode.swift; path = Class.swift; sourceTree = "<group>"; };
		122B808622BBD37F00A06D55 /* Student.swift */ = {isa = PBXFileReference; lastKnownFileType = sourcecode.swift; path = Student.swift; sourceTree = "<group>"; };
		122BDEA322BFBCEC00188C2C /* ListTuitionViewController.swift */ = {isa = PBXFileReference; lastKnownFileType = sourcecode.swift; name = ListTuitionViewController.swift; path = StarKids1/Controller/ListTuitionViewController.swift; sourceTree = SOURCE_ROOT; };
		122BDEA522BFBDAC00188C2C /* TuitionTableViewCell.swift */ = {isa = PBXFileReference; lastKnownFileType = sourcecode.swift; path = TuitionTableViewCell.swift; sourceTree = "<group>"; };
		122BDEA722BFC00100188C2C /* DetailTuitionViewController.swift */ = {isa = PBXFileReference; lastKnownFileType = sourcecode.swift; path = DetailTuitionViewController.swift; sourceTree = "<group>"; };
		122BDEA922BFC16800188C2C /* Tuition.swift */ = {isa = PBXFileReference; lastKnownFileType = sourcecode.swift; path = Tuition.swift; sourceTree = "<group>"; };
		12724B7F22A80E07007A6A40 /* Comment.swift */ = {isa = PBXFileReference; lastKnownFileType = sourcecode.swift; path = Comment.swift; sourceTree = "<group>"; };
		1276D52422BF8267009F287D /* LeaveRequestTableViewCell.swift */ = {isa = PBXFileReference; lastKnownFileType = sourcecode.swift; path = LeaveRequestTableViewCell.swift; sourceTree = "<group>"; };
		1276D52622BF82A8009F287D /* LeaveRequestViewController.swift */ = {isa = PBXFileReference; lastKnownFileType = sourcecode.swift; path = LeaveRequestViewController.swift; sourceTree = "<group>"; };
		1276D52822BF82BE009F287D /* LeaveRequest.swift */ = {isa = PBXFileReference; lastKnownFileType = sourcecode.swift; path = LeaveRequest.swift; sourceTree = "<group>"; };
		1276D52A22BF88E1009F287D /* DetailLeaveRequestViewController.swift */ = {isa = PBXFileReference; lastKnownFileType = sourcecode.swift; path = DetailLeaveRequestViewController.swift; sourceTree = "<group>"; };
		127B5DC122A0290A007CC200 /* PicturePostCollectionViewCell.swift */ = {isa = PBXFileReference; lastKnownFileType = sourcecode.swift; path = PicturePostCollectionViewCell.swift; sourceTree = "<group>"; };
		128BCDC922B7EE0200BB6BFC /* NoticeTableViewCell.swift */ = {isa = PBXFileReference; lastKnownFileType = sourcecode.swift; path = NoticeTableViewCell.swift; sourceTree = "<group>"; };
		12A88C73226F640D002125BC /* MainNavigationController.swift */ = {isa = PBXFileReference; lastKnownFileType = sourcecode.swift; path = MainNavigationController.swift; sourceTree = "<group>"; };
		12A88C75226F6834002125BC /* HomeController.swift */ = {isa = PBXFileReference; lastKnownFileType = sourcecode.swift; path = HomeController.swift; sourceTree = "<group>"; };
		12A88C79226F6866002125BC /* MoreController.swift */ = {isa = PBXFileReference; lastKnownFileType = sourcecode.swift; path = MoreController.swift; sourceTree = "<group>"; };
		12A88C7B226F68FD002125BC /* NoticeController.swift */ = {isa = PBXFileReference; lastKnownFileType = sourcecode.swift; path = NoticeController.swift; sourceTree = "<group>"; };
		12A88C7D226F69C4002125BC /* MainTabBarController.swift */ = {isa = PBXFileReference; lastKnownFileType = sourcecode.swift; path = MainTabBarController.swift; sourceTree = "<group>"; };
		12CE38BE22C2278400C1AC43 /* MenuTableViewCell.swift */ = {isa = PBXFileReference; lastKnownFileType = sourcecode.swift; path = MenuTableViewCell.swift; sourceTree = "<group>"; };
		12CE38C222C236D600C1AC43 /* DayOfWeekViewController.swift */ = {isa = PBXFileReference; lastKnownFileType = sourcecode.swift; path = DayOfWeekViewController.swift; sourceTree = "<group>"; };
		12CE38C422C2386D00C1AC43 /* ListMenuViewController.swift */ = {isa = PBXFileReference; lastKnownFileType = sourcecode.swift; path = ListMenuViewController.swift; sourceTree = "<group>"; };
		12CE38C622C269A100C1AC43 /* DetailMenuViewController.swift */ = {isa = PBXFileReference; lastKnownFileType = sourcecode.swift; path = DetailMenuViewController.swift; sourceTree = "<group>"; };
		12CE38C822C26BD000C1AC43 /* Menu.swift */ = {isa = PBXFileReference; lastKnownFileType = sourcecode.swift; path = Menu.swift; sourceTree = "<group>"; };
		12DB3DE92247D1E2005F96DD /* StarKids1.app */ = {isa = PBXFileReference; explicitFileType = wrapper.application; includeInIndex = 0; path = StarKids1.app; sourceTree = BUILT_PRODUCTS_DIR; };
		12DB3DEC2247D1E2005F96DD /* AppDelegate.swift */ = {isa = PBXFileReference; lastKnownFileType = sourcecode.swift; path = AppDelegate.swift; sourceTree = "<group>"; };
		12DB3DEE2247D1E2005F96DD /* ViewController.swift */ = {isa = PBXFileReference; lastKnownFileType = sourcecode.swift; path = ViewController.swift; sourceTree = "<group>"; };
		12DB3DF12247D1E2005F96DD /* Base */ = {isa = PBXFileReference; lastKnownFileType = file.storyboard; name = Base; path = Base.lproj/Main.storyboard; sourceTree = "<group>"; };
		12DB3DF32247D1F2005F96DD /* Assets.xcassets */ = {isa = PBXFileReference; lastKnownFileType = folder.assetcatalog; path = Assets.xcassets; sourceTree = "<group>"; };
		12DB3DF62247D1F2005F96DD /* Base */ = {isa = PBXFileReference; lastKnownFileType = file.storyboard; name = Base; path = Base.lproj/LaunchScreen.storyboard; sourceTree = "<group>"; };
		12DB3DF82247D1F2005F96DD /* Info.plist */ = {isa = PBXFileReference; lastKnownFileType = text.plist.xml; path = Info.plist; sourceTree = "<group>"; };
		12DB3DFE2247D2C6005F96DD /* GoogleService-Info.plist */ = {isa = PBXFileReference; fileEncoding = 4; lastKnownFileType = text.plist.xml; path = "GoogleService-Info.plist"; sourceTree = "<group>"; };
		12E4EBD822BE3C4700289E92 /* AddClassViewController.swift */ = {isa = PBXFileReference; lastKnownFileType = sourcecode.swift; path = AddClassViewController.swift; sourceTree = "<group>"; };
		12E4EBDA22BE3C7B00289E92 /* AddLeaveRequestViewController.swift */ = {isa = PBXFileReference; lastKnownFileType = sourcecode.swift; path = AddLeaveRequestViewController.swift; sourceTree = "<group>"; };
		12F81D6D22A56AEA00EF636F /* DetailPostController.swift */ = {isa = PBXFileReference; lastKnownFileType = sourcecode.swift; path = DetailPostController.swift; sourceTree = "<group>"; };
		360DC72F9F392663DCDC82D8 /* Pods-StarKids1.release.xcconfig */ = {isa = PBXFileReference; includeInIndex = 1; lastKnownFileType = text.xcconfig; name = "Pods-StarKids1.release.xcconfig"; path = "Target Support Files/Pods-StarKids1/Pods-StarKids1.release.xcconfig"; sourceTree = "<group>"; };
		94865B6822CCFA440000F03A /* StarKids1.entitlements */ = {isa = PBXFileReference; lastKnownFileType = text.plist.entitlements; path = StarKids1.entitlements; sourceTree = "<group>"; };
		99F6A324D014F43A41E40D88 /* Pods-StarKids1.debug.xcconfig */ = {isa = PBXFileReference; includeInIndex = 1; lastKnownFileType = text.xcconfig; name = "Pods-StarKids1.debug.xcconfig"; path = "Target Support Files/Pods-StarKids1/Pods-StarKids1.debug.xcconfig"; sourceTree = "<group>"; };
		C5D9429C9B3F7BB7BCCC0E97 /* Pods_StarKids1.framework */ = {isa = PBXFileReference; explicitFileType = wrapper.framework; includeInIndex = 0; path = Pods_StarKids1.framework; sourceTree = BUILT_PRODUCTS_DIR; };
/* End PBXFileReference section */

/* Begin PBXFrameworksBuildPhase section */
		12DB3DE62247D1E2005F96DD /* Frameworks */ = {
			isa = PBXFrameworksBuildPhase;
			buildActionMask = 2147483647;
			files = (
				E1686EB935A6867DFE5F4C15 /* Pods_StarKids1.framework in Frameworks */,
			);
			runOnlyForDeploymentPostprocessing = 0;
		};
/* End PBXFrameworksBuildPhase section */

/* Begin PBXGroup section */
		1202F667225A2FD500FA9666 /* View */ = {
			isa = PBXGroup;
			children = (
				12DB3DF02247D1E2005F96DD /* Main.storyboard */,
				120D3FC5226B33BF00F25B53 /* ScreenListFriendTableViewCell.swift */,
				12106652226CBAA100236A6A /* ScreenChat1TableViewCell.swift */,
				12106654226CBAC100236A6A /* ScreenChat2TableViewCell.swift */,
				120C3B90226E11300090C405 /* ScreenListChatTableViewCell.swift */,
				12A88C73226F640D002125BC /* MainNavigationController.swift */,
				12A88C7D226F69C4002125BC /* MainTabBarController.swift */,
				1213E9312270B21D000B7C1E /* ScreenMoreTableViewCell.swift */,
				1211964D228F102300EE5453 /* ScreenPostTableViewCell.swift */,
				127B5DC122A0290A007CC200 /* PicturePostCollectionViewCell.swift */,
				122263EE22A6C1BA00F251FE /* DetailPicPostCollectionViewCell.swift */,
				122263F022A6C2E700F251FE /* CommentViewCell.swift */,
				128BCDC922B7EE0200BB6BFC /* NoticeTableViewCell.swift */,
				122B808022BB7F5E00A06D55 /* ClassTableViewCell.swift */,
				121BF3E422BCBE9A0029798F /* ListStudentTableViewCell.swift */,
				1276D52422BF8267009F287D /* LeaveRequestTableViewCell.swift */,
				122BDEA522BFBDAC00188C2C /* TuitionTableViewCell.swift */,
				12CE38BE22C2278400C1AC43 /* MenuTableViewCell.swift */,
			);
			path = View;
			sourceTree = "<group>";
		};
		1202F668225A2FDE00FA9666 /* Controller */ = {
			isa = PBXGroup;
			children = (
				12DB3DEE2247D1E2005F96DD /* ViewController.swift */,
				1202F66A225A323D00FA9666 /* NewStudentController.swift */,
				121216D722634E5C00DE3A47 /* ListChatController.swift */,
				120D3FC3226B2A6900F25B53 /* ListFriendController.swift */,
				120D3FC9226B7EF600F25B53 /* ChatViewController.swift */,
				12A88C75226F6834002125BC /* HomeController.swift */,
				12A88C79226F6866002125BC /* MoreController.swift */,
				12A88C7B226F68FD002125BC /* NoticeController.swift */,
				12275E90227579BA001DBCAF /* LoadingViewController.swift */,
				120FB684227D9BD7004E1B4E /* DetailInfoController.swift */,
				12F81D6D22A56AEA00EF636F /* DetailPostController.swift */,
				120ABB9E22AD5FBE001B72E3 /* CreatePostController.swift */,
				122B807C22BB732900A06D55 /* NewTeacherController.swift */,
				122B808222BB7FA300A06D55 /* ClassController.swift */,
				121BF3E222BCBAE30029798F /* ListStudentViewController.swift */,
				12E4EBD822BE3C4700289E92 /* AddClassViewController.swift */,
				12E4EBDA22BE3C7B00289E92 /* AddLeaveRequestViewController.swift */,
				1224047F22BF5054003F3445 /* AddTuitionViewController.swift */,
				1276D52622BF82A8009F287D /* LeaveRequestViewController.swift */,
				122BDEA322BFBCEC00188C2C /* ListTuitionViewController.swift */,
				1276D52A22BF88E1009F287D /* DetailLeaveRequestViewController.swift */,
				122BDEA722BFC00100188C2C /* DetailTuitionViewController.swift */,
				122842BE22C115B500C2A79A /* AddMenuViewController.swift */,
				12CE38C222C236D600C1AC43 /* DayOfWeekViewController.swift */,
				12CE38C422C2386D00C1AC43 /* ListMenuViewController.swift */,
				12CE38C622C269A100C1AC43 /* DetailMenuViewController.swift */,
			);
			path = Controller;
			sourceTree = "<group>";
		};
		1202F669225A2FF100FA9666 /* Model */ = {
			isa = PBXGroup;
			children = (
				121216D922635B2A00DE3A47 /* User.swift */,
				120E87B9229028A200D528C7 /* Post.swift */,
				12724B7F22A80E07007A6A40 /* Comment.swift */,
				1210AF8522B934D100F12295 /* Notice.swift */,
				122B808422BB806800A06D55 /* Class.swift */,
				122B808622BBD37F00A06D55 /* Student.swift */,
				1276D52822BF82BE009F287D /* LeaveRequest.swift */,
				122BDEA922BFC16800188C2C /* Tuition.swift */,
				12CE38C822C26BD000C1AC43 /* Menu.swift */,
			);
			path = Model;
			sourceTree = "<group>";
		};
		12DB3DE02247D1E2005F96DD = {
			isa = PBXGroup;
			children = (
				12DB3DEB2247D1E2005F96DD /* StarKids1 */,
				12DB3DEA2247D1E2005F96DD /* Products */,
				5681D74E4A50803CDC499E8F /* Pods */,
				A7431F2CF73D5BE03F03B8C7 /* Frameworks */,
			);
			sourceTree = "<group>";
		};
		12DB3DEA2247D1E2005F96DD /* Products */ = {
			isa = PBXGroup;
			children = (
				12DB3DE92247D1E2005F96DD /* StarKids1.app */,
			);
			name = Products;
			sourceTree = "<group>";
		};
		12DB3DEB2247D1E2005F96DD /* StarKids1 */ = {
			isa = PBXGroup;
			children = (
				94865B6822CCFA440000F03A /* StarKids1.entitlements */,
				1202F669225A2FF100FA9666 /* Model */,
				1202F668225A2FDE00FA9666 /* Controller */,
				1202F667225A2FD500FA9666 /* View */,
				12DB3DFE2247D2C6005F96DD /* GoogleService-Info.plist */,
				12DB3DEC2247D1E2005F96DD /* AppDelegate.swift */,
				12DB3DF32247D1F2005F96DD /* Assets.xcassets */,
				12DB3DF52247D1F2005F96DD /* LaunchScreen.storyboard */,
				12DB3DF82247D1F2005F96DD /* Info.plist */,
			);
			path = StarKids1;
			sourceTree = "<group>";
		};
		5681D74E4A50803CDC499E8F /* Pods */ = {
			isa = PBXGroup;
			children = (
				99F6A324D014F43A41E40D88 /* Pods-StarKids1.debug.xcconfig */,
				360DC72F9F392663DCDC82D8 /* Pods-StarKids1.release.xcconfig */,
			);
			path = Pods;
			sourceTree = "<group>";
		};
		A7431F2CF73D5BE03F03B8C7 /* Frameworks */ = {
			isa = PBXGroup;
			children = (
				C5D9429C9B3F7BB7BCCC0E97 /* Pods_StarKids1.framework */,
			);
			name = Frameworks;
			sourceTree = "<group>";
		};
/* End PBXGroup section */

/* Begin PBXNativeTarget section */
		12DB3DE82247D1E2005F96DD /* StarKids1 */ = {
			isa = PBXNativeTarget;
			buildConfigurationList = 12DB3DFB2247D1F2005F96DD /* Build configuration list for PBXNativeTarget "StarKids1" */;
			buildPhases = (
				1B4A7F98EC0B73B38A74A9F4 /* [CP] Check Pods Manifest.lock */,
				12DB3DE52247D1E2005F96DD /* Sources */,
				12DB3DE62247D1E2005F96DD /* Frameworks */,
				12DB3DE72247D1E2005F96DD /* Resources */,
				18C7A2C225DA63D2B77789DC /* [CP] Embed Pods Frameworks */,
			);
			buildRules = (
			);
			dependencies = (
			);
			name = StarKids1;
			productName = StarKids1;
			productReference = 12DB3DE92247D1E2005F96DD /* StarKids1.app */;
			productType = "com.apple.product-type.application";
		};
/* End PBXNativeTarget section */

/* Begin PBXProject section */
		12DB3DE12247D1E2005F96DD /* Project object */ = {
			isa = PBXProject;
			attributes = {
				LastSwiftUpdateCheck = 1010;
				LastUpgradeCheck = 1010;
				ORGANIZATIONNAME = "Thanh Le";
				TargetAttributes = {
					12DB3DE82247D1E2005F96DD = {
						CreatedOnToolsVersion = 10.1;
						SystemCapabilities = {
							com.apple.Keychain = {
								enabled = 0;
							};
						};
					};
				};
			};
			buildConfigurationList = 12DB3DE42247D1E2005F96DD /* Build configuration list for PBXProject "StarKids1" */;
			compatibilityVersion = "Xcode 9.3";
			developmentRegion = en;
			hasScannedForEncodings = 0;
			knownRegions = (
				en,
				Base,
			);
			mainGroup = 12DB3DE02247D1E2005F96DD;
			productRefGroup = 12DB3DEA2247D1E2005F96DD /* Products */;
			projectDirPath = "";
			projectRoot = "";
			targets = (
				12DB3DE82247D1E2005F96DD /* StarKids1 */,
			);
		};
/* End PBXProject section */

/* Begin PBXResourcesBuildPhase section */
		12DB3DE72247D1E2005F96DD /* Resources */ = {
			isa = PBXResourcesBuildPhase;
			buildActionMask = 2147483647;
			files = (
				12DB3DF72247D1F2005F96DD /* LaunchScreen.storyboard in Resources */,
				12DB3DFF2247D2C6005F96DD /* GoogleService-Info.plist in Resources */,
				12DB3DF42247D1F2005F96DD /* Assets.xcassets in Resources */,
				12DB3DF22247D1E2005F96DD /* Main.storyboard in Resources */,
			);
			runOnlyForDeploymentPostprocessing = 0;
		};
/* End PBXResourcesBuildPhase section */

/* Begin PBXShellScriptBuildPhase section */
		18C7A2C225DA63D2B77789DC /* [CP] Embed Pods Frameworks */ = {
			isa = PBXShellScriptBuildPhase;
			buildActionMask = 2147483647;
			files = (
			);
			inputFileListPaths = (
			);
			inputPaths = (
				"${PODS_ROOT}/Target Support Files/Pods-StarKids1/Pods-StarKids1-frameworks.sh",
				"${BUILT_PRODUCTS_DIR}/BSGridCollectionViewLayout/BSGridCollectionViewLayout.framework",
				"${BUILT_PRODUCTS_DIR}/BSImagePicker/BSImagePicker.framework",
				"${BUILT_PRODUCTS_DIR}/BSImageView/BSImageView.framework",
				"${BUILT_PRODUCTS_DIR}/BoringSSL-GRPC/openssl_grpc.framework",
				"${BUILT_PRODUCTS_DIR}/GTMSessionFetcher/GTMSessionFetcher.framework",
				"${BUILT_PRODUCTS_DIR}/GoogleUtilities/GoogleUtilities.framework",
				"${BUILT_PRODUCTS_DIR}/IQKeyboardManagerSwift/IQKeyboardManagerSwift.framework",
				"${BUILT_PRODUCTS_DIR}/Protobuf/Protobuf.framework",
				"${BUILT_PRODUCTS_DIR}/gRPC-C++/grpcpp.framework",
				"${BUILT_PRODUCTS_DIR}/gRPC-Core/grpc.framework",
				"${BUILT_PRODUCTS_DIR}/leveldb-library/leveldb.framework",
				"${BUILT_PRODUCTS_DIR}/nanopb/nanopb.framework",
			);
			name = "[CP] Embed Pods Frameworks";
			outputFileListPaths = (
			);
			outputPaths = (
				"${TARGET_BUILD_DIR}/${FRAMEWORKS_FOLDER_PATH}/BSGridCollectionViewLayout.framework",
				"${TARGET_BUILD_DIR}/${FRAMEWORKS_FOLDER_PATH}/BSImagePicker.framework",
				"${TARGET_BUILD_DIR}/${FRAMEWORKS_FOLDER_PATH}/BSImageView.framework",
				"${TARGET_BUILD_DIR}/${FRAMEWORKS_FOLDER_PATH}/openssl_grpc.framework",
				"${TARGET_BUILD_DIR}/${FRAMEWORKS_FOLDER_PATH}/GTMSessionFetcher.framework",
				"${TARGET_BUILD_DIR}/${FRAMEWORKS_FOLDER_PATH}/GoogleUtilities.framework",
				"${TARGET_BUILD_DIR}/${FRAMEWORKS_FOLDER_PATH}/IQKeyboardManagerSwift.framework",
				"${TARGET_BUILD_DIR}/${FRAMEWORKS_FOLDER_PATH}/Protobuf.framework",
				"${TARGET_BUILD_DIR}/${FRAMEWORKS_FOLDER_PATH}/grpcpp.framework",
				"${TARGET_BUILD_DIR}/${FRAMEWORKS_FOLDER_PATH}/grpc.framework",
				"${TARGET_BUILD_DIR}/${FRAMEWORKS_FOLDER_PATH}/leveldb.framework",
				"${TARGET_BUILD_DIR}/${FRAMEWORKS_FOLDER_PATH}/nanopb.framework",
			);
			runOnlyForDeploymentPostprocessing = 0;
			shellPath = /bin/sh;
			shellScript = "\"${PODS_ROOT}/Target Support Files/Pods-StarKids1/Pods-StarKids1-frameworks.sh\"\n";
			showEnvVarsInLog = 0;
		};
		1B4A7F98EC0B73B38A74A9F4 /* [CP] Check Pods Manifest.lock */ = {
			isa = PBXShellScriptBuildPhase;
			buildActionMask = 2147483647;
			files = (
			);
			inputFileListPaths = (
			);
			inputPaths = (
				"${PODS_PODFILE_DIR_PATH}/Podfile.lock",
				"${PODS_ROOT}/Manifest.lock",
			);
			name = "[CP] Check Pods Manifest.lock";
			outputFileListPaths = (
			);
			outputPaths = (
				"$(DERIVED_FILE_DIR)/Pods-StarKids1-checkManifestLockResult.txt",
			);
			runOnlyForDeploymentPostprocessing = 0;
			shellPath = /bin/sh;
			shellScript = "diff \"${PODS_PODFILE_DIR_PATH}/Podfile.lock\" \"${PODS_ROOT}/Manifest.lock\" > /dev/null\nif [ $? != 0 ] ; then\n    # print error to STDERR\n    echo \"error: The sandbox is not in sync with the Podfile.lock. Run 'pod install' or update your CocoaPods installation.\" >&2\n    exit 1\nfi\n# This output is used by Xcode 'outputs' to avoid re-running this script phase.\necho \"SUCCESS\" > \"${SCRIPT_OUTPUT_FILE_0}\"\n";
			showEnvVarsInLog = 0;
		};
/* End PBXShellScriptBuildPhase section */

/* Begin PBXSourcesBuildPhase section */
		12DB3DE52247D1E2005F96DD /* Sources */ = {
			isa = PBXSourcesBuildPhase;
			buildActionMask = 2147483647;
			files = (
				12A88C7C226F68FD002125BC /* NoticeController.swift in Sources */,
				122B807D22BB732900A06D55 /* NewTeacherController.swift in Sources */,
				1202F66B225A323E00FA9666 /* NewStudentController.swift in Sources */,
				121BF3E522BCBE9A0029798F /* ListStudentTableViewCell.swift in Sources */,
				120D3FC4226B2A6A00F25B53 /* ListFriendController.swift in Sources */,
				120D3FCA226B7EF600F25B53 /* ChatViewController.swift in Sources */,
				120C3B91226E11300090C405 /* ScreenListChatTableViewCell.swift in Sources */,
				122263F122A6C2E700F251FE /* CommentViewCell.swift in Sources */,
				12CE38C722C269A100C1AC43 /* DetailMenuViewController.swift in Sources */,
				122B808122BB7F5E00A06D55 /* ClassTableViewCell.swift in Sources */,
				12CE38BF22C2278400C1AC43 /* MenuTableViewCell.swift in Sources */,
				1210AF8622B934D100F12295 /* Notice.swift in Sources */,
				12CE38C922C26BD000C1AC43 /* Menu.swift in Sources */,
				1224048022BF5054003F3445 /* AddTuitionViewController.swift in Sources */,
				12CE38C322C236D600C1AC43 /* DayOfWeekViewController.swift in Sources */,
				12275E91227579BA001DBCAF /* LoadingViewController.swift in Sources */,
				1276D52722BF82A8009F287D /* LeaveRequestViewController.swift in Sources */,
				122B808322BB7FA300A06D55 /* ClassController.swift in Sources */,
				12F81D6E22A56AEA00EF636F /* DetailPostController.swift in Sources */,
				122B808522BB806800A06D55 /* Class.swift in Sources */,
				12DB3DEF2247D1E2005F96DD /* ViewController.swift in Sources */,
				128BCDCA22B7EE0200BB6BFC /* NoticeTableViewCell.swift in Sources */,
				12E4EBD922BE3C4700289E92 /* AddClassViewController.swift in Sources */,
				120D3FC6226B33BF00F25B53 /* ScreenListFriendTableViewCell.swift in Sources */,
				12A88C76226F6834002125BC /* HomeController.swift in Sources */,
				1211964E228F102300EE5453 /* ScreenPostTableViewCell.swift in Sources */,
				12A88C74226F640D002125BC /* MainNavigationController.swift in Sources */,
				1276D52B22BF88E1009F287D /* DetailLeaveRequestViewController.swift in Sources */,
				122BDEA822BFC00100188C2C /* DetailTuitionViewController.swift in Sources */,
				122263EF22A6C1BA00F251FE /* DetailPicPostCollectionViewCell.swift in Sources */,
				122BDEAA22BFC16800188C2C /* Tuition.swift in Sources */,
				12E4EBDB22BE3C7B00289E92 /* AddLeaveRequestViewController.swift in Sources */,
				120ABB9F22AD5FBE001B72E3 /* CreatePostController.swift in Sources */,
				12106653226CBAA200236A6A /* ScreenChat1TableViewCell.swift in Sources */,
				1276D52922BF82BE009F287D /* LeaveRequest.swift in Sources */,
				120E87BA229028A200D528C7 /* Post.swift in Sources */,
				1276D52522BF8267009F287D /* LeaveRequestTableViewCell.swift in Sources */,
				12CE38C522C2386D00C1AC43 /* ListMenuViewController.swift in Sources */,
				122B808722BBD37F00A06D55 /* Student.swift in Sources */,
				12A88C7E226F69C4002125BC /* MainTabBarController.swift in Sources */,
				122842BF22C115B500C2A79A /* AddMenuViewController.swift in Sources */,
				12A88C7A226F6866002125BC /* MoreController.swift in Sources */,
				12106655226CBAC100236A6A /* ScreenChat2TableViewCell.swift in Sources */,
				122BDEA622BFBDAC00188C2C /* TuitionTableViewCell.swift in Sources */,
				120FB685227D9BD7004E1B4E /* DetailInfoController.swift in Sources */,
				12DB3DED2247D1E2005F96DD /* AppDelegate.swift in Sources */,
				12724B8022A80E07007A6A40 /* Comment.swift in Sources */,
				121216DA22635B2A00DE3A47 /* User.swift in Sources */,
				121216D822634E5C00DE3A47 /* ListChatController.swift in Sources */,
				121BF3E322BCBAE30029798F /* ListStudentViewController.swift in Sources */,
				122BDEA422BFBCEC00188C2C /* ListTuitionViewController.swift in Sources */,
				127B5DC222A0290A007CC200 /* PicturePostCollectionViewCell.swift in Sources */,
				1213E9322270B21D000B7C1E /* ScreenMoreTableViewCell.swift in Sources */,
			);
			runOnlyForDeploymentPostprocessing = 0;
		};
/* End PBXSourcesBuildPhase section */

/* Begin PBXVariantGroup section */
		12DB3DF02247D1E2005F96DD /* Main.storyboard */ = {
			isa = PBXVariantGroup;
			children = (
				12DB3DF12247D1E2005F96DD /* Base */,
			);
			name = Main.storyboard;
			sourceTree = "<group>";
		};
		12DB3DF52247D1F2005F96DD /* LaunchScreen.storyboard */ = {
			isa = PBXVariantGroup;
			children = (
				12DB3DF62247D1F2005F96DD /* Base */,
			);
			name = LaunchScreen.storyboard;
			sourceTree = "<group>";
		};
/* End PBXVariantGroup section */

/* Begin XCBuildConfiguration section */
		12DB3DF92247D1F2005F96DD /* Debug */ = {
			isa = XCBuildConfiguration;
			buildSettings = {
				ALWAYS_SEARCH_USER_PATHS = NO;
				CLANG_ANALYZER_NONNULL = YES;
				CLANG_ANALYZER_NUMBER_OBJECT_CONVERSION = YES_AGGRESSIVE;
				CLANG_CXX_LANGUAGE_STANDARD = "gnu++14";
				CLANG_CXX_LIBRARY = "libc++";
				CLANG_ENABLE_MODULES = YES;
				CLANG_ENABLE_OBJC_ARC = YES;
				CLANG_ENABLE_OBJC_WEAK = YES;
				CLANG_WARN_BLOCK_CAPTURE_AUTORELEASING = YES;
				CLANG_WARN_BOOL_CONVERSION = YES;
				CLANG_WARN_COMMA = YES;
				CLANG_WARN_CONSTANT_CONVERSION = YES;
				CLANG_WARN_DEPRECATED_OBJC_IMPLEMENTATIONS = YES;
				CLANG_WARN_DIRECT_OBJC_ISA_USAGE = YES_ERROR;
				CLANG_WARN_DOCUMENTATION_COMMENTS = YES;
				CLANG_WARN_EMPTY_BODY = YES;
				CLANG_WARN_ENUM_CONVERSION = YES;
				CLANG_WARN_INFINITE_RECURSION = YES;
				CLANG_WARN_INT_CONVERSION = YES;
				CLANG_WARN_NON_LITERAL_NULL_CONVERSION = YES;
				CLANG_WARN_OBJC_IMPLICIT_RETAIN_SELF = YES;
				CLANG_WARN_OBJC_LITERAL_CONVERSION = YES;
				CLANG_WARN_OBJC_ROOT_CLASS = YES_ERROR;
				CLANG_WARN_RANGE_LOOP_ANALYSIS = YES;
				CLANG_WARN_STRICT_PROTOTYPES = YES;
				CLANG_WARN_SUSPICIOUS_MOVE = YES;
				CLANG_WARN_UNGUARDED_AVAILABILITY = YES_AGGRESSIVE;
				CLANG_WARN_UNREACHABLE_CODE = YES;
				CLANG_WARN__DUPLICATE_METHOD_MATCH = YES;
				CODE_SIGN_IDENTITY = "iPhone Developer";
				COPY_PHASE_STRIP = NO;
				DEBUG_INFORMATION_FORMAT = dwarf;
				ENABLE_STRICT_OBJC_MSGSEND = YES;
				ENABLE_TESTABILITY = YES;
				GCC_C_LANGUAGE_STANDARD = gnu11;
				GCC_DYNAMIC_NO_PIC = NO;
				GCC_NO_COMMON_BLOCKS = YES;
				GCC_OPTIMIZATION_LEVEL = 0;
				GCC_PREPROCESSOR_DEFINITIONS = (
					"DEBUG=1",
					"$(inherited)",
				);
				GCC_WARN_64_TO_32_BIT_CONVERSION = YES;
				GCC_WARN_ABOUT_RETURN_TYPE = YES_ERROR;
				GCC_WARN_UNDECLARED_SELECTOR = YES;
				GCC_WARN_UNINITIALIZED_AUTOS = YES_AGGRESSIVE;
				GCC_WARN_UNUSED_FUNCTION = YES;
				GCC_WARN_UNUSED_VARIABLE = YES;
				IPHONEOS_DEPLOYMENT_TARGET = 12.1;
				MTL_ENABLE_DEBUG_INFO = INCLUDE_SOURCE;
				MTL_FAST_MATH = YES;
				ONLY_ACTIVE_ARCH = YES;
				SDKROOT = iphoneos;
				SWIFT_ACTIVE_COMPILATION_CONDITIONS = DEBUG;
				SWIFT_OPTIMIZATION_LEVEL = "-Onone";
			};
			name = Debug;
		};
		12DB3DFA2247D1F2005F96DD /* Release */ = {
			isa = XCBuildConfiguration;
			buildSettings = {
				ALWAYS_SEARCH_USER_PATHS = NO;
				CLANG_ANALYZER_NONNULL = YES;
				CLANG_ANALYZER_NUMBER_OBJECT_CONVERSION = YES_AGGRESSIVE;
				CLANG_CXX_LANGUAGE_STANDARD = "gnu++14";
				CLANG_CXX_LIBRARY = "libc++";
				CLANG_ENABLE_MODULES = YES;
				CLANG_ENABLE_OBJC_ARC = YES;
				CLANG_ENABLE_OBJC_WEAK = YES;
				CLANG_WARN_BLOCK_CAPTURE_AUTORELEASING = YES;
				CLANG_WARN_BOOL_CONVERSION = YES;
				CLANG_WARN_COMMA = YES;
				CLANG_WARN_CONSTANT_CONVERSION = YES;
				CLANG_WARN_DEPRECATED_OBJC_IMPLEMENTATIONS = YES;
				CLANG_WARN_DIRECT_OBJC_ISA_USAGE = YES_ERROR;
				CLANG_WARN_DOCUMENTATION_COMMENTS = YES;
				CLANG_WARN_EMPTY_BODY = YES;
				CLANG_WARN_ENUM_CONVERSION = YES;
				CLANG_WARN_INFINITE_RECURSION = YES;
				CLANG_WARN_INT_CONVERSION = YES;
				CLANG_WARN_NON_LITERAL_NULL_CONVERSION = YES;
				CLANG_WARN_OBJC_IMPLICIT_RETAIN_SELF = YES;
				CLANG_WARN_OBJC_LITERAL_CONVERSION = YES;
				CLANG_WARN_OBJC_ROOT_CLASS = YES_ERROR;
				CLANG_WARN_RANGE_LOOP_ANALYSIS = YES;
				CLANG_WARN_STRICT_PROTOTYPES = YES;
				CLANG_WARN_SUSPICIOUS_MOVE = YES;
				CLANG_WARN_UNGUARDED_AVAILABILITY = YES_AGGRESSIVE;
				CLANG_WARN_UNREACHABLE_CODE = YES;
				CLANG_WARN__DUPLICATE_METHOD_MATCH = YES;
				CODE_SIGN_IDENTITY = "iPhone Developer";
				COPY_PHASE_STRIP = NO;
				DEBUG_INFORMATION_FORMAT = "dwarf-with-dsym";
				ENABLE_NS_ASSERTIONS = NO;
				ENABLE_STRICT_OBJC_MSGSEND = YES;
				GCC_C_LANGUAGE_STANDARD = gnu11;
				GCC_NO_COMMON_BLOCKS = YES;
				GCC_WARN_64_TO_32_BIT_CONVERSION = YES;
				GCC_WARN_ABOUT_RETURN_TYPE = YES_ERROR;
				GCC_WARN_UNDECLARED_SELECTOR = YES;
				GCC_WARN_UNINITIALIZED_AUTOS = YES_AGGRESSIVE;
				GCC_WARN_UNUSED_FUNCTION = YES;
				GCC_WARN_UNUSED_VARIABLE = YES;
				IPHONEOS_DEPLOYMENT_TARGET = 12.1;
				MTL_ENABLE_DEBUG_INFO = NO;
				MTL_FAST_MATH = YES;
				SDKROOT = iphoneos;
				SWIFT_COMPILATION_MODE = wholemodule;
				SWIFT_OPTIMIZATION_LEVEL = "-O";
				VALIDATE_PRODUCT = YES;
			};
			name = Release;
		};
		12DB3DFC2247D1F2005F96DD /* Debug */ = {
			isa = XCBuildConfiguration;
			baseConfigurationReference = 99F6A324D014F43A41E40D88 /* Pods-StarKids1.debug.xcconfig */;
			buildSettings = {
				ASSETCATALOG_COMPILER_APPICON_NAME = AppIcon;
				CODE_SIGN_STYLE = Automatic;
				DEVELOPMENT_TEAM = "";
				INFOPLIST_FILE = StarKids1/Info.plist;
				LD_RUNPATH_SEARCH_PATHS = (
					"$(inherited)",
					"@executable_path/Frameworks",
				);
				PRODUCT_BUNDLE_IDENTIFIER = "Thanh-Le.StarKids1";
				PRODUCT_NAME = "$(TARGET_NAME)";
				SWIFT_VERSION = 4.2;
				TARGETED_DEVICE_FAMILY = "1,2";
			};
			name = Debug;
		};
		12DB3DFD2247D1F2005F96DD /* Release */ = {
			isa = XCBuildConfiguration;
			baseConfigurationReference = 360DC72F9F392663DCDC82D8 /* Pods-StarKids1.release.xcconfig */;
			buildSettings = {
				ASSETCATALOG_COMPILER_APPICON_NAME = AppIcon;
				CODE_SIGN_STYLE = Automatic;
				DEVELOPMENT_TEAM = "";
				INFOPLIST_FILE = StarKids1/Info.plist;
				LD_RUNPATH_SEARCH_PATHS = (
					"$(inherited)",
					"@executable_path/Frameworks",
				);
				PRODUCT_BUNDLE_IDENTIFIER = "Thanh-Le.StarKids1";
				PRODUCT_NAME = "$(TARGET_NAME)";
				SWIFT_VERSION = 4.2;
				TARGETED_DEVICE_FAMILY = "1,2";
			};
			name = Release;
		};
/* End XCBuildConfiguration section */

/* Begin XCConfigurationList section */
		12DB3DE42247D1E2005F96DD /* Build configuration list for PBXProject "StarKids1" */ = {
			isa = XCConfigurationList;
			buildConfigurations = (
				12DB3DF92247D1F2005F96DD /* Debug */,
				12DB3DFA2247D1F2005F96DD /* Release */,
			);
			defaultConfigurationIsVisible = 0;
			defaultConfigurationName = Release;
		};
		12DB3DFB2247D1F2005F96DD /* Build configuration list for PBXNativeTarget "StarKids1" */ = {
			isa = XCConfigurationList;
			buildConfigurations = (
				12DB3DFC2247D1F2005F96DD /* Debug */,
				12DB3DFD2247D1F2005F96DD /* Release */,
			);
			defaultConfigurationIsVisible = 0;
			defaultConfigurationName = Release;
		};
/* End XCConfigurationList section */
	};
	rootObject = 12DB3DE12247D1E2005F96DD /* Project object */;
}
